
Microsoft Visual Studio Solution File, Format Version 12.00
# Visual Studio Version 17
VisualStudioVersion = 17.14.36518.9
MinimumVisualStudioVersion = 10.0.40219.1
Project("{FAE04EC0-301F-11D3-BF4B-00C04F79EFBC}") = "IaProyectoEventos", "ia-proyecto-eventos\IaProyectoEventos.csproj", "{F61561B6-CC68-F8CC-3C21-D6FE026730A9}"
EndProject
Project("{FAE04EC0-301F-11D3-BF4B-00C04F79EFBC}") = "IaProyectoEventos.Tests", "IaProyectoEventos.Tests\IaProyectoEventos.Tests.csproj", "{34FADE0C-A917-DFAD-DD5C-CADC037FFEAD}"
EndProject
Global
	GlobalSection(SolutionConfigurationPlatforms) = preSolution
		Debug|Any CPU = Debug|Any CPU
		Release|Any CPU = Release|Any CPU
	EndGlobalSection
	GlobalSection(ProjectConfigurationPlatforms) = postSolution
		{F61561B6-CC68-F8CC-3C21-D6FE026730A9}.Debug|Any CPU.ActiveCfg = Debug|Any CPU
		{F61561B6-CC68-F8CC-3C21-D6FE026730A9}.Debug|Any CPU.Build.0 = Debug|Any CPU
		{F61561B6-CC68-F8CC-3C21-D6FE026730A9}.Release|Any CPU.ActiveCfg = Release|Any CPU
		{F61561B6-CC68-F8CC-3C21-D6FE026730A9}.Release|Any CPU.Build.0 = Release|Any CPU
		{34FADE0C-A917-DFAD-DD5C-CADC037FFEAD}.Debug|Any CPU.ActiveCfg = Debug|Any CPU
		{34FADE0C-A917-DFAD-DD5C-CADC037FFEAD}.Debug|Any CPU.Build.0 = Debug|Any CPU
		{34FADE0C-A917-DFAD-DD5C-CADC037FFEAD}.Release|Any CPU.ActiveCfg = Release|Any CPU
		{34FADE0C-A917-DFAD-DD5C-CADC037FFEAD}.Release|Any CPU.Build.0 = Release|Any CPU
	EndGlobalSection
	GlobalSection(SolutionProperties) = preSolution
		HideSolutionNode = FALSE
	EndGlobalSection
	GlobalSection(ExtensibilityGlobals) = postSolution
		SolutionGuid = {7B51DDE4-C8BB-430E-904E-CDBF8DD525EF}
	EndGlobalSection
EndGlobal
